
Microsoft Visual Studio Solution File, Format Version 12.00
# Visual Studio 15
VisualStudioVersion = 15.0.27428.2005
MinimumVisualStudioVersion = 10.0.40219.1
Project("{8BC9CEB8-8B4A-11D0-8D11-00A0C91BC942}") = "Project47", "Project47\Project47.vcxproj", "{CCA62DB8-AD5A-47F6-81F9-82EE86E4FBFB}"
EndProject
Global
	GlobalSection(SolutionConfigurationPlatforms) = preSolution
		Debug|x64 = Debug|x64
		Debug|x86 = Debug|x86
		Release|x64 = Release|x64
		Release|x86 = Release|x86
	EndGlobalSection
	GlobalSection(ProjectConfigurationPlatforms) = postSolution
		{CCA62DB8-AD5A-47F6-81F9-82EE86E4FBFB}.Debug|x64.ActiveCfg = Debug|x64
		{CCA62DB8-AD5A-47F6-81F9-82EE86E4FBFB}.Debug|x64.Build.0 = Debug|x64
		{CCA62DB8-AD5A-47F6-81F9-82EE86E4FBFB}.Debug|x86.ActiveCfg = Debug|Win32
		{CCA62DB8-AD5A-47F6-81F9-82EE86E4FBFB}.Debug|x86.Build.0 = Debug|Win32
		{CCA62DB8-AD5A-47F6-81F9-82EE86E4FBFB}.Release|x64.ActiveCfg = Release|x64
		{CCA62DB8-AD5A-47F6-81F9-82EE86E4FBFB}.Release|x64.Build.0 = Release|x64
		{CCA62DB8-AD5A-47F6-81F9-82EE86E4FBFB}.Release|x86.ActiveCfg = Release|Win32
		{CCA62DB8-AD5A-47F6-81F9-82EE86E4FBFB}.Release|x86.Build.0 = Release|Win32
	EndGlobalSection
	GlobalSection(SolutionProperties) = preSolution
		HideSolutionNode = FALSE
	EndGlobalSection
	GlobalSection(ExtensibilityGlobals) = postSolution
		SolutionGuid = {756A142A-55B6-4AFC-8CCE-76CF87DC465D}
	EndGlobalSection
EndGlobal
